
Microsoft Visual Studio Solution File, Format Version 12.00
# Visual Studio Version 17
VisualStudioVersion = 17.11.35303.130
MinimumVisualStudioVersion = 10.0.40219.1
Project("{FAE04EC0-301F-11D3-BF4B-00C04F79EFBC}") = "HistoricalSitesNearMe.Server", "HistoricalSitesNearMe.Server\HistoricalSitesNearMe.Server.csproj", "{DD88118A-9680-48E6-ACE9-BEEE9FA0B888}"
EndProject
Global
	GlobalSection(SolutionConfigurationPlatforms) = preSolution
		Debug|Any CPU = Debug|Any CPU
		Release|Any CPU = Release|Any CPU
	EndGlobalSection
	GlobalSection(ProjectConfigurationPlatforms) = postSolution
		{DD88118A-9680-48E6-ACE9-BEEE9FA0B888}.Debug|Any CPU.ActiveCfg = Debug|Any CPU
		{DD88118A-9680-48E6-ACE9-BEEE9FA0B888}.Debug|Any CPU.Build.0 = Debug|Any CPU
		{DD88118A-9680-48E6-ACE9-BEEE9FA0B888}.Release|Any CPU.ActiveCfg = Release|Any CPU
		{DD88118A-9680-48E6-ACE9-BEEE9FA0B888}.Release|Any CPU.Build.0 = Release|Any CPU
		{40534B1C-E27E-43C7-BF59-04AC2FDD0FEB}.Debug|Any CPU.ActiveCfg = Debug|Any CPU
		{40534B1C-E27E-43C7-BF59-04AC2FDD0FEB}.Debug|Any CPU.Build.0 = Debug|Any CPU
		{40534B1C-E27E-43C7-BF59-04AC2FDD0FEB}.Debug|Any CPU.Deploy.0 = Debug|Any CPU
		{40534B1C-E27E-43C7-BF59-04AC2FDD0FEB}.Release|Any CPU.ActiveCfg = Release|Any CPU
		{40534B1C-E27E-43C7-BF59-04AC2FDD0FEB}.Release|Any CPU.Build.0 = Release|Any CPU
		{40534B1C-E27E-43C7-BF59-04AC2FDD0FEB}.Release|Any CPU.Deploy.0 = Release|Any CPU
	EndGlobalSection
	GlobalSection(SolutionProperties) = preSolution
		HideSolutionNode = FALSE
	EndGlobalSection
	GlobalSection(ExtensibilityGlobals) = postSolution
		SolutionGuid = {B5C324C1-7A70-4D0B-840C-99CE2B5DB8D3}
	EndGlobalSection
EndGlobal
